
Microsoft Visual Studio Solution File, Format Version 12.00
# Visual Studio 15
VisualStudioVersion = 15.0.28307.136
MinimumVisualStudioVersion = 10.0.40219.1
Project("{9A19103F-16F7-4668-BE54-9A1E7A4F7556}") = "Mash.AppSettings", "Mash.AppSettings\Mash.AppSettings.csproj", "{ADF622E5-4775-41F3-AD67-C192E3DB58A1}"
EndProject
Project("{9A19103F-16F7-4668-BE54-9A1E7A4F7556}") = "Mash.DevSettings", "Mash.DevSettings\Mash.DevSettings.csproj", "{71D991FE-F78E-4E70-B5E8-FDA2706F2E63}"
EndProject
Project("{9A19103F-16F7-4668-BE54-9A1E7A4F7556}") = "Mash.AppSettings.Tests", "Mash.AppSettings.Tests\Mash.AppSettings.Tests.csproj", "{42ACF772-E990-4E56-A792-492C4385533E}"
EndProject
Project("{FAE04EC0-301F-11D3-BF4B-00C04F79EFBC}") = "SampleApp", "SampleApp\SampleApp.csproj", "{27DBC257-F062-4FAB-B452-BE9856C5F64E}"
EndProject
Project("{2150E333-8FDC-42A3-9474-1A3956D46DE8}") = "Solution Items", "Solution Items", "{3B8EE770-7790-4FD7-A520-7FCC9584CCFE}"
	ProjectSection(SolutionItems) = preProject
		README.md = README.md
	EndProjectSection
EndProject
Global
	GlobalSection(SolutionConfigurationPlatforms) = preSolution
		Debug|Any CPU = Debug|Any CPU
		Release|Any CPU = Release|Any CPU
	EndGlobalSection
	GlobalSection(ProjectConfigurationPlatforms) = postSolution
		{ADF622E5-4775-41F3-AD67-C192E3DB58A1}.Debug|Any CPU.ActiveCfg = Debug|Any CPU
		{ADF622E5-4775-41F3-AD67-C192E3DB58A1}.Debug|Any CPU.Build.0 = Debug|Any CPU
		{ADF622E5-4775-41F3-AD67-C192E3DB58A1}.Release|Any CPU.ActiveCfg = Release|Any CPU
		{ADF622E5-4775-41F3-AD67-C192E3DB58A1}.Release|Any CPU.Build.0 = Release|Any CPU
		{71D991FE-F78E-4E70-B5E8-FDA2706F2E63}.Debug|Any CPU.ActiveCfg = Debug|Any CPU
		{71D991FE-F78E-4E70-B5E8-FDA2706F2E63}.Debug|Any CPU.Build.0 = Debug|Any CPU
		{71D991FE-F78E-4E70-B5E8-FDA2706F2E63}.Release|Any CPU.ActiveCfg = Release|Any CPU
		{71D991FE-F78E-4E70-B5E8-FDA2706F2E63}.Release|Any CPU.Build.0 = Release|Any CPU
		{42ACF772-E990-4E56-A792-492C4385533E}.Debug|Any CPU.ActiveCfg = Debug|Any CPU
		{42ACF772-E990-4E56-A792-492C4385533E}.Debug|Any CPU.Build.0 = Debug|Any CPU
		{42ACF772-E990-4E56-A792-492C4385533E}.Release|Any CPU.ActiveCfg = Release|Any CPU
		{42ACF772-E990-4E56-A792-492C4385533E}.Release|Any CPU.Build.0 = Release|Any CPU
		{27DBC257-F062-4FAB-B452-BE9856C5F64E}.Debug|Any CPU.ActiveCfg = Debug|Any CPU
		{27DBC257-F062-4FAB-B452-BE9856C5F64E}.Debug|Any CPU.Build.0 = Debug|Any CPU
		{27DBC257-F062-4FAB-B452-BE9856C5F64E}.Release|Any CPU.ActiveCfg = Release|Any CPU
		{27DBC257-F062-4FAB-B452-BE9856C5F64E}.Release|Any CPU.Build.0 = Release|Any CPU
	EndGlobalSection
	GlobalSection(SolutionProperties) = preSolution
		HideSolutionNode = FALSE
	EndGlobalSection
	GlobalSection(ExtensibilityGlobals) = postSolution
		SolutionGuid = {EFF3BB6C-7180-4719-95DF-1CBBF43520CB}
	EndGlobalSection
EndGlobal
