
Microsoft Visual Studio Solution File, Format Version 12.00
# Visual Studio 15
VisualStudioVersion = 15.0.28307.136
MinimumVisualStudioVersion = 10.0.40219.1
Project("{FAE04EC0-301F-11D3-BF4B-00C04F79EFBC}") = "ArmTools", "ArmTools\ArmTools.csproj", "{1F7EB260-CA4B-448B-8086-5BE888A43526}"
EndProject
Project("{FAE04EC0-301F-11D3-BF4B-00C04F79EFBC}") = "ArmToolsTests", "ArmToolsTests\ArmToolsTests.csproj", "{21A83AB1-C95D-4335-A195-C9DA9FEA00DD}"
EndProject
Project("{2150E333-8FDC-42A3-9474-1A3956D46DE8}") = "Solution Items", "Solution Items", "{2263F374-B835-4610-9A70-75572E8647E3}"
	ProjectSection(SolutionItems) = preProject
		ReadMe.md = ReadMe.md
	EndProjectSection
EndProject
Global
	GlobalSection(SolutionConfigurationPlatforms) = preSolution
		Debug|Any CPU = Debug|Any CPU
		Release|Any CPU = Release|Any CPU
	EndGlobalSection
	GlobalSection(ProjectConfigurationPlatforms) = postSolution
		{1F7EB260-CA4B-448B-8086-5BE888A43526}.Debug|Any CPU.ActiveCfg = Debug|Any CPU
		{1F7EB260-CA4B-448B-8086-5BE888A43526}.Debug|Any CPU.Build.0 = Debug|Any CPU
		{1F7EB260-CA4B-448B-8086-5BE888A43526}.Release|Any CPU.ActiveCfg = Release|Any CPU
		{1F7EB260-CA4B-448B-8086-5BE888A43526}.Release|Any CPU.Build.0 = Release|Any CPU
		{21A83AB1-C95D-4335-A195-C9DA9FEA00DD}.Debug|Any CPU.ActiveCfg = Debug|Any CPU
		{21A83AB1-C95D-4335-A195-C9DA9FEA00DD}.Debug|Any CPU.Build.0 = Debug|Any CPU
		{21A83AB1-C95D-4335-A195-C9DA9FEA00DD}.Release|Any CPU.ActiveCfg = Release|Any CPU
		{21A83AB1-C95D-4335-A195-C9DA9FEA00DD}.Release|Any CPU.Build.0 = Release|Any CPU
	EndGlobalSection
	GlobalSection(SolutionProperties) = preSolution
		HideSolutionNode = FALSE
	EndGlobalSection
	GlobalSection(ExtensibilityGlobals) = postSolution
		SolutionGuid = {5E151AD1-CB34-4BFD-A56B-941B8BD25DEE}
	EndGlobalSection
EndGlobal
